// !$*UTF8*$!
{
	archiveVersion = 1;
	classes = {
	};
	objectVersion = 46;
	objects = {

/* Begin PBXBuildFile section */
		C29A93061F6139B2007FDEB8 /* AppDelegate.swift in Sources */ = {isa = PBXBuildFile; fileRef = C29A93051F6139B2007FDEB8 /* AppDelegate.swift */; };
		C29A93081F6139B2007FDEB8 /* ViewController.swift in Sources */ = {isa = PBXBuildFile; fileRef = C29A93071F6139B2007FDEB8 /* ViewController.swift */; };
		C29A930B1F6139B2007FDEB8 /* Main.storyboard in Resources */ = {isa = PBXBuildFile; fileRef = C29A93091F6139B2007FDEB8 /* Main.storyboard */; };
		C29A930D1F6139B2007FDEB8 /* Assets.xcassets in Resources */ = {isa = PBXBuildFile; fileRef = C29A930C1F6139B2007FDEB8 /* Assets.xcassets */; };
		C29A93101F6139B2007FDEB8 /* LaunchScreen.storyboard in Resources */ = {isa = PBXBuildFile; fileRef = C29A930E1F6139B2007FDEB8 /* LaunchScreen.storyboard */; };
		C29A931A1F613AF3007FDEB8 /* DateModel.swift in Sources */ = {isa = PBXBuildFile; fileRef = C29A93171F613AF3007FDEB8 /* DateModel.swift */; };
		C29A931B1F613AF3007FDEB8 /* DateNearby.swift in Sources */ = {isa = PBXBuildFile; fileRef = C29A93181F613AF3007FDEB8 /* DateNearby.swift */; };
		C29A931C1F613AF3007FDEB8 /* DatePickView.swift in Sources */ = {isa = PBXBuildFile; fileRef = C29A93191F613AF3007FDEB8 /* DatePickView.swift */; };
		C29A931E1F613B3A007FDEB8 /* DateExtensions.swift in Sources */ = {isa = PBXBuildFile; fileRef = C29A931D1F613B3A007FDEB8 /* DateExtensions.swift */; };
		C29A93201F613E27007FDEB8 /* UIViewExtensions.swift in Sources */ = {isa = PBXBuildFile; fileRef = C29A931F1F613E27007FDEB8 /* UIViewExtensions.swift */; };
		C29A93221F613F9C007FDEB8 /* BlockTap.swift in Sources */ = {isa = PBXBuildFile; fileRef = C29A93211F613F9C007FDEB8 /* BlockTap.swift */; };
		C29A93241F613FBE007FDEB8 /* CGFloatExtensions.swift in Sources */ = {isa = PBXBuildFile; fileRef = C29A93231F613FBE007FDEB8 /* CGFloatExtensions.swift */; };
		C29A93271F61407F007FDEB8 /* BlockPan.swift in Sources */ = {isa = PBXBuildFile; fileRef = C29A93251F61407F007FDEB8 /* BlockPan.swift */; };
		C29A93281F61407F007FDEB8 /* BlockSwipe.swift in Sources */ = {isa = PBXBuildFile; fileRef = C29A93261F61407F007FDEB8 /* BlockSwipe.swift */; };
		C29A932B1F6140AE007FDEB8 /* BlockLongPress.swift in Sources */ = {isa = PBXBuildFile; fileRef = C29A93291F6140AE007FDEB8 /* BlockLongPress.swift */; };
		C29A932C1F6140AE007FDEB8 /* BlockPinch.swift in Sources */ = {isa = PBXBuildFile; fileRef = C29A932A1F6140AE007FDEB8 /* BlockPinch.swift */; };
		C29A932E1F614121007FDEB8 /* String.swift in Sources */ = {isa = PBXBuildFile; fileRef = C29A932D1F614121007FDEB8 /* String.swift */; };
/* End PBXBuildFile section */

/* Begin PBXFileReference section */
		C29A93021F6139B2007FDEB8 /* DateSelectPickView.app */ = {isa = PBXFileReference; explicitFileType = wrapper.application; includeInIndex = 0; path = DateSelectPickView.app; sourceTree = BUILT_PRODUCTS_DIR; };
		C29A93051F6139B2007FDEB8 /* AppDelegate.swift */ = {isa = PBXFileReference; lastKnownFileType = sourcecode.swift; path = AppDelegate.swift; sourceTree = "<group>"; };
		C29A93071F6139B2007FDEB8 /* ViewController.swift */ = {isa = PBXFileReference; lastKnownFileType = sourcecode.swift; path = ViewController.swift; sourceTree = "<group>"; };
		C29A930A1F6139B2007FDEB8 /* Base */ = {isa = PBXFileReference; lastKnownFileType = file.storyboard; name = Base; path = Base.lproj/Main.storyboard; sourceTree = "<group>"; };
		C29A930C1F6139B2007FDEB8 /* Assets.xcassets */ = {isa = PBXFileReference; lastKnownFileType = folder.assetcatalog; path = Assets.xcassets; sourceTree = "<group>"; };
		C29A930F1F6139B2007FDEB8 /* Base */ = {isa = PBXFileReference; lastKnownFileType = file.storyboard; name = Base; path = Base.lproj/LaunchScreen.storyboard; sourceTree = "<group>"; };
		C29A93111F6139B2007FDEB8 /* Info.plist */ = {isa = PBXFileReference; lastKnownFileType = text.plist.xml; path = Info.plist; sourceTree = "<group>"; };
		C29A93171F613AF3007FDEB8 /* DateModel.swift */ = {isa = PBXFileReference; fileEncoding = 4; lastKnownFileType = sourcecode.swift; path = DateModel.swift; sourceTree = "<group>"; };
		C29A93181F613AF3007FDEB8 /* DateNearby.swift */ = {isa = PBXFileReference; fileEncoding = 4; lastKnownFileType = sourcecode.swift; path = DateNearby.swift; sourceTree = "<group>"; };
		C29A93191F613AF3007FDEB8 /* DatePickView.swift */ = {isa = PBXFileReference; fileEncoding = 4; lastKnownFileType = sourcecode.swift; path = DatePickView.swift; sourceTree = "<group>"; };
		C29A931D1F613B3A007FDEB8 /* DateExtensions.swift */ = {isa = PBXFileReference; fileEncoding = 4; lastKnownFileType = sourcecode.swift; path = DateExtensions.swift; sourceTree = "<group>"; };
		C29A931F1F613E27007FDEB8 /* UIViewExtensions.swift */ = {isa = PBXFileReference; fileEncoding = 4; lastKnownFileType = sourcecode.swift; path = UIViewExtensions.swift; sourceTree = "<group>"; };
		C29A93211F613F9C007FDEB8 /* BlockTap.swift */ = {isa = PBXFileReference; fileEncoding = 4; lastKnownFileType = sourcecode.swift; path = BlockTap.swift; sourceTree = "<group>"; };
		C29A93231F613FBE007FDEB8 /* CGFloatExtensions.swift */ = {isa = PBXFileReference; fileEncoding = 4; lastKnownFileType = sourcecode.swift; path = CGFloatExtensions.swift; sourceTree = "<group>"; };
		C29A93251F61407F007FDEB8 /* BlockPan.swift */ = {isa = PBXFileReference; fileEncoding = 4; lastKnownFileType = sourcecode.swift; path = BlockPan.swift; sourceTree = "<group>"; };
		C29A93261F61407F007FDEB8 /* BlockSwipe.swift */ = {isa = PBXFileReference; fileEncoding = 4; lastKnownFileType = sourcecode.swift; path = BlockSwipe.swift; sourceTree = "<group>"; };
		C29A93291F6140AE007FDEB8 /* BlockLongPress.swift */ = {isa = PBXFileReference; fileEncoding = 4; lastKnownFileType = sourcecode.swift; path = BlockLongPress.swift; sourceTree = "<group>"; };
		C29A932A1F6140AE007FDEB8 /* BlockPinch.swift */ = {isa = PBXFileReference; fileEncoding = 4; lastKnownFileType = sourcecode.swift; path = BlockPinch.swift; sourceTree = "<group>"; };
		C29A932D1F614121007FDEB8 /* String.swift */ = {isa = PBXFileReference; fileEncoding = 4; lastKnownFileType = sourcecode.swift; path = String.swift; sourceTree = "<group>"; };
/* End PBXFileReference section */

/* Begin PBXFrameworksBuildPhase section */
		C29A92FF1F6139B2007FDEB8 /* Frameworks */ = {
			isa = PBXFrameworksBuildPhase;
			buildActionMask = 2147483647;
			files = (
			);
			runOnlyForDeploymentPostprocessing = 0;
		};
/* End PBXFrameworksBuildPhase section */

/* Begin PBXGroup section */
		C29A92F91F6139B2007FDEB8 = {
			isa = PBXGroup;
			children = (
				C29A93041F6139B2007FDEB8 /* DateSelectPickView */,
				C29A93031F6139B2007FDEB8 /* Products */,
			);
			sourceTree = "<group>";
		};
		C29A93031F6139B2007FDEB8 /* Products */ = {
			isa = PBXGroup;
			children = (
				C29A93021F6139B2007FDEB8 /* DateSelectPickView.app */,
			);
			name = Products;
			sourceTree = "<group>";
		};
		C29A93041F6139B2007FDEB8 /* DateSelectPickView */ = {
			isa = PBXGroup;
			children = (
				C29A93051F6139B2007FDEB8 /* AppDelegate.swift */,
				C29A93071F6139B2007FDEB8 /* ViewController.swift */,
				C29A93231F613FBE007FDEB8 /* CGFloatExtensions.swift */,
				C29A931F1F613E27007FDEB8 /* UIViewExtensions.swift */,
				C29A93291F6140AE007FDEB8 /* BlockLongPress.swift */,
				C29A932D1F614121007FDEB8 /* String.swift */,
				C29A932A1F6140AE007FDEB8 /* BlockPinch.swift */,
				C29A93251F61407F007FDEB8 /* BlockPan.swift */,
				C29A93261F61407F007FDEB8 /* BlockSwipe.swift */,
				C29A93211F613F9C007FDEB8 /* BlockTap.swift */,
				C29A93171F613AF3007FDEB8 /* DateModel.swift */,
				C29A931D1F613B3A007FDEB8 /* DateExtensions.swift */,
				C29A93181F613AF3007FDEB8 /* DateNearby.swift */,
				C29A93191F613AF3007FDEB8 /* DatePickView.swift */,
				C29A93091F6139B2007FDEB8 /* Main.storyboard */,
				C29A930C1F6139B2007FDEB8 /* Assets.xcassets */,
				C29A930E1F6139B2007FDEB8 /* LaunchScreen.storyboard */,
				C29A93111F6139B2007FDEB8 /* Info.plist */,
			);
			path = DateSelectPickView;
			sourceTree = "<group>";
		};
/* End PBXGroup section */

/* Begin PBXNativeTarget section */
		C29A93011F6139B2007FDEB8 /* DateSelectPickView */ = {
			isa = PBXNativeTarget;
			buildConfigurationList = C29A93141F6139B2007FDEB8 /* Build configuration list for PBXNativeTarget "DateSelectPickView" */;
			buildPhases = (
				C29A92FE1F6139B2007FDEB8 /* Sources */,
				C29A92FF1F6139B2007FDEB8 /* Frameworks */,
				C29A93001F6139B2007FDEB8 /* Resources */,
			);
			buildRules = (
			);
			dependencies = (
			);
			name = DateSelectPickView;
			productName = DateSelectPickView;
			productReference = C29A93021F6139B2007FDEB8 /* DateSelectPickView.app */;
			productType = "com.apple.product-type.application";
		};
/* End PBXNativeTarget section */

/* Begin PBXProject section */
		C29A92FA1F6139B2007FDEB8 /* Project object */ = {
			isa = PBXProject;
			attributes = {
				LastSwiftUpdateCheck = 0830;
				LastUpgradeCheck = 0830;
				ORGANIZATIONNAME = Mr;
				TargetAttributes = {
					C29A93011F6139B2007FDEB8 = {
						CreatedOnToolsVersion = 8.3.3;
						ProvisioningStyle = Automatic;
					};
				};
			};
			buildConfigurationList = C29A92FD1F6139B2007FDEB8 /* Build configuration list for PBXProject "DateSelectPickView" */;
			compatibilityVersion = "Xcode 3.2";
			developmentRegion = English;
			hasScannedForEncodings = 0;
			knownRegions = (
				en,
				Base,
			);
			mainGroup = C29A92F91F6139B2007FDEB8;
			productRefGroup = C29A93031F6139B2007FDEB8 /* Products */;
			projectDirPath = "";
			projectRoot = "";
			targets = (
				C29A93011F6139B2007FDEB8 /* DateSelectPickView */,
			);
		};
/* End PBXProject section */

/* Begin PBXResourcesBuildPhase section */
		C29A93001F6139B2007FDEB8 /* Resources */ = {
			isa = PBXResourcesBuildPhase;
			buildActionMask = 2147483647;
			files = (
				C29A93101F6139B2007FDEB8 /* LaunchScreen.storyboard in Resources */,
				C29A930D1F6139B2007FDEB8 /* Assets.xcassets in Resources */,
				C29A930B1F6139B2007FDEB8 /* Main.storyboard in Resources */,
			);
			runOnlyForDeploymentPostprocessing = 0;
		};
/* End PBXResourcesBuildPhase section */

/* Begin PBXSourcesBuildPhase section */
		C29A92FE1F6139B2007FDEB8 /* Sources */ = {
			isa = PBXSourcesBuildPhase;
			buildActionMask = 2147483647;
			files = (
				C29A93081F6139B2007FDEB8 /* ViewController.swift in Sources */,
				C29A93221F613F9C007FDEB8 /* BlockTap.swift in Sources */,
				C29A93241F613FBE007FDEB8 /* CGFloatExtensions.swift in Sources */,
				C29A93201F613E27007FDEB8 /* UIViewExtensions.swift in Sources */,
				C29A932E1F614121007FDEB8 /* String.swift in Sources */,
				C29A932C1F6140AE007FDEB8 /* BlockPinch.swift in Sources */,
				C29A93061F6139B2007FDEB8 /* AppDelegate.swift in Sources */,
				C29A93271F61407F007FDEB8 /* BlockPan.swift in Sources */,
				C29A931C1F613AF3007FDEB8 /* DatePickView.swift in Sources */,
				C29A931B1F613AF3007FDEB8 /* DateNearby.swift in Sources */,
				C29A931A1F613AF3007FDEB8 /* DateModel.swift in Sources */,
				C29A93281F61407F007FDEB8 /* BlockSwipe.swift in Sources */,
				C29A931E1F613B3A007FDEB8 /* DateExtensions.swift in Sources */,
				C29A932B1F6140AE007FDEB8 /* BlockLongPress.swift in Sources */,
			);
			runOnlyForDeploymentPostprocessing = 0;
		};
/* End PBXSourcesBuildPhase section */

/* Begin PBXVariantGroup section */
		C29A93091F6139B2007FDEB8 /* Main.storyboard */ = {
			isa = PBXVariantGroup;
			children = (
				C29A930A1F6139B2007FDEB8 /* Base */,
			);
			name = Main.storyboard;
			sourceTree = "<group>";
		};
		C29A930E1F6139B2007FDEB8 /* LaunchScreen.storyboard */ = {
			isa = PBXVariantGroup;
			children = (
				C29A930F1F6139B2007FDEB8 /* Base */,
			);
			name = LaunchScreen.storyboard;
			sourceTree = "<group>";
		};
/* End PBXVariantGroup section */

/* Begin XCBuildConfiguration section */
		C29A93121F6139B2007FDEB8 /* Debug */ = {
			isa = XCBuildConfiguration;
			buildSettings = {
				ALWAYS_SEARCH_USER_PATHS = NO;
				CLANG_ANALYZER_NONNULL = YES;
				CLANG_ANALYZER_NUMBER_OBJECT_CONVERSION = YES_AGGRESSIVE;
				CLANG_CXX_LANGUAGE_STANDARD = "gnu++0x";
				CLANG_CXX_LIBRARY = "libc++";
				CLANG_ENABLE_MODULES = YES;
				CLANG_ENABLE_OBJC_ARC = YES;
				CLANG_WARN_BOOL_CONVERSION = YES;
				CLANG_WARN_CONSTANT_CONVERSION = YES;
				CLANG_WARN_DIRECT_OBJC_ISA_USAGE = YES_ERROR;
				CLANG_WARN_DOCUMENTATION_COMMENTS = YES;
				CLANG_WARN_EMPTY_BODY = YES;
				CLANG_WARN_ENUM_CONVERSION = YES;
				CLANG_WARN_INFINITE_RECURSION = YES;
				CLANG_WARN_INT_CONVERSION = YES;
				CLANG_WARN_OBJC_ROOT_CLASS = YES_ERROR;
				CLANG_WARN_SUSPICIOUS_MOVE = YES;
				CLANG_WARN_UNREACHABLE_CODE = YES;
				CLANG_WARN__DUPLICATE_METHOD_MATCH = YES;
				"CODE_SIGN_IDENTITY[sdk=iphoneos*]" = "iPhone Developer";
				COPY_PHASE_STRIP = NO;
				DEBUG_INFORMATION_FORMAT = dwarf;
				ENABLE_STRICT_OBJC_MSGSEND = YES;
				ENABLE_TESTABILITY = YES;
				GCC_C_LANGUAGE_STANDARD = gnu99;
				GCC_DYNAMIC_NO_PIC = NO;
				GCC_NO_COMMON_BLOCKS = YES;
				GCC_OPTIMIZATION_LEVEL = 0;
				GCC_PREPROCESSOR_DEFINITIONS = (
					"DEBUG=1",
					"$(inherited)",
				);
				GCC_WARN_64_TO_32_BIT_CONVERSION = YES;
				GCC_WARN_ABOUT_RETURN_TYPE = YES_ERROR;
				GCC_WARN_UNDECLARED_SELECTOR = YES;
				GCC_WARN_UNINITIALIZED_AUTOS = YES_AGGRESSIVE;
				GCC_WARN_UNUSED_FUNCTION = YES;
				GCC_WARN_UNUSED_VARIABLE = YES;
				IPHONEOS_DEPLOYMENT_TARGET = 10.3;
				MTL_ENABLE_DEBUG_INFO = YES;
				ONLY_ACTIVE_ARCH = YES;
				SDKROOT = iphoneos;
				SWIFT_ACTIVE_COMPILATION_CONDITIONS = DEBUG;
				SWIFT_OPTIMIZATION_LEVEL = "-Onone";
			};
			name = Debug;
		};
		C29A93131F6139B2007FDEB8 /* Release */ = {
			isa = XCBuildConfiguration;
			buildSettings = {
				ALWAYS_SEARCH_USER_PATHS = NO;
				CLANG_ANALYZER_NONNULL = YES;
				CLANG_ANALYZER_NUMBER_OBJECT_CONVERSION = YES_AGGRESSIVE;
				CLANG_CXX_LANGUAGE_STANDARD = "gnu++0x";
				CLANG_CXX_LIBRARY = "libc++";
				CLANG_ENABLE_MODULES = YES;
				CLANG_ENABLE_OBJC_ARC = YES;
				CLANG_WARN_BOOL_CONVERSION = YES;
				CLANG_WARN_CONSTANT_CONVERSION = YES;
				CLANG_WARN_DIRECT_OBJC_ISA_USAGE = YES_ERROR;
				CLANG_WARN_DOCUMENTATION_COMMENTS = YES;
				CLANG_WARN_EMPTY_BODY = YES;
				CLANG_WARN_ENUM_CONVERSION = YES;
				CLANG_WARN_INFINITE_RECURSION = YES;
				CLANG_WARN_INT_CONVERSION = YES;
				CLANG_WARN_OBJC_ROOT_CLASS = YES_ERROR;
				CLANG_WARN_SUSPICIOUS_MOVE = YES;
				CLANG_WARN_UNREACHABLE_CODE = YES;
				CLANG_WARN__DUPLICATE_METHOD_MATCH = YES;
				"CODE_SIGN_IDENTITY[sdk=iphoneos*]" = "iPhone Developer";
				COPY_PHASE_STRIP = NO;
				DEBUG_INFORMATION_FORMAT = "dwarf-with-dsym";
				ENABLE_NS_ASSERTIONS = NO;
				ENABLE_STRICT_OBJC_MSGSEND = YES;
				GCC_C_LANGUAGE_STANDARD = gnu99;
				GCC_NO_COMMON_BLOCKS = YES;
				GCC_WARN_64_TO_32_BIT_CONVERSION = YES;
				GCC_WARN_ABOUT_RETURN_TYPE = YES_ERROR;
				GCC_WARN_UNDECLARED_SELECTOR = YES;
				GCC_WARN_UNINITIALIZED_AUTOS = YES_AGGRESSIVE;
				GCC_WARN_UNUSED_FUNCTION = YES;
				GCC_WARN_UNUSED_VARIABLE = YES;
				IPHONEOS_DEPLOYMENT_TARGET = 10.3;
				MTL_ENABLE_DEBUG_INFO = NO;
				SDKROOT = iphoneos;
				SWIFT_OPTIMIZATION_LEVEL = "-Owholemodule";
				VALIDATE_PRODUCT = YES;
			};
			name = Release;
		};
		C29A93151F6139B2007FDEB8 /* Debug */ = {
			isa = XCBuildConfiguration;
			buildSettings = {
				ASSETCATALOG_COMPILER_APPICON_NAME = AppIcon;
				INFOPLIST_FILE = DateSelectPickView/Info.plist;
				LD_RUNPATH_SEARCH_PATHS = "$(inherited) @executable_path/Frameworks";
				PRODUCT_BUNDLE_IDENTIFIER = MRJ.DateSelectPickView;
				PRODUCT_NAME = "$(TARGET_NAME)";
				SWIFT_VERSION = 3.0;
			};
			name = Debug;
		};
		C29A93161F6139B2007FDEB8 /* Release */ = {
			isa = XCBuildConfiguration;
			buildSettings = {
				ASSETCATALOG_COMPILER_APPICON_NAME = AppIcon;
				INFOPLIST_FILE = DateSelectPickView/Info.plist;
				LD_RUNPATH_SEARCH_PATHS = "$(inherited) @executable_path/Frameworks";
				PRODUCT_BUNDLE_IDENTIFIER = MRJ.DateSelectPickView;
				PRODUCT_NAME = "$(TARGET_NAME)";
				SWIFT_VERSION = 3.0;
			};
			name = Release;
		};
/* End XCBuildConfiguration section */

/* Begin XCConfigurationList section */
		C29A92FD1F6139B2007FDEB8 /* Build configuration list for PBXProject "DateSelectPickView" */ = {
			isa = XCConfigurationList;
			buildConfigurations = (
				C29A93121F6139B2007FDEB8 /* Debug */,
				C29A93131F6139B2007FDEB8 /* Release */,
			);
			defaultConfigurationIsVisible = 0;
			defaultConfigurationName = Release;
		};
		C29A93141F6139B2007FDEB8 /* Build configuration list for PBXNativeTarget "DateSelectPickView" */ = {
			isa = XCConfigurationList;
			buildConfigurations = (
				C29A93151F6139B2007FDEB8 /* Debug */,
				C29A93161F6139B2007FDEB8 /* Release */,
			);
			defaultConfigurationIsVisible = 0;
		};
/* End XCConfigurationList section */
	};
	rootObject = C29A92FA1F6139B2007FDEB8 /* Project object */;
}
